
Microsoft Visual Studio Solution File, Format Version 12.00
# Visual Studio 15
Project("{FAE04EC0-301F-11D3-BF4B-00C04F79EFBC}") = "UnityEngine.TestRunner", "UnityEngine.TestRunner.csproj", "{AA201269-F26F-59E2-C9EB-464C55293BF0}"
EndProject
Project("{FAE04EC0-301F-11D3-BF4B-00C04F79EFBC}") = "Unity.2D.Animation.Triangle.Runtime", "Unity.2D.Animation.Triangle.Runtime.csproj", "{E1A383DC-AF24-2665-4B64-A66B09F50D53}"
EndProject
Project("{FAE04EC0-301F-11D3-BF4B-00C04F79EFBC}") = "UnityEngine.UI", "UnityEngine.UI.csproj", "{21B2CC03-251E-69A2-CF1A-495EC61B8834}"
EndProject
Project("{FAE04EC0-301F-11D3-BF4B-00C04F79EFBC}") = "Unity.TextMeshPro", "Unity.TextMeshPro.csproj", "{EDF08178-A485-FEA4-6F8A-2CCCA13BFCD4}"
EndProject
Project("{FAE04EC0-301F-11D3-BF4B-00C04F79EFBC}") = "Unity.2D.Animation.Runtime", "Unity.2D.Animation.Runtime.csproj", "{66EC06DA-CA96-22D8-D728-9268382E2EF6}"
EndProject
Project("{FAE04EC0-301F-11D3-BF4B-00C04F79EFBC}") = "Unity.Timeline", "Unity.Timeline.csproj", "{04C4BA2B-AE90-198E-3C2A-663E3F89A2BA}"
EndProject
Project("{FAE04EC0-301F-11D3-BF4B-00C04F79EFBC}") = "Unity.Mathematics", "Unity.Mathematics.csproj", "{18DBE43B-7CB8-6F47-EECE-E8681098D328}"
EndProject
Project("{FAE04EC0-301F-11D3-BF4B-00C04F79EFBC}") = "Unity.2D.SpriteShape.Runtime", "Unity.2D.SpriteShape.Runtime.csproj", "{068232C0-CFB2-FBF9-874F-B0CE0CBA2339}"
EndProject
Project("{FAE04EC0-301F-11D3-BF4B-00C04F79EFBC}") = "Assembly-CSharp", "Assembly-CSharp.csproj", "{D0D31436-C072-B04B-3C08-627F755C9430}"
EndProject
Project("{FAE04EC0-301F-11D3-BF4B-00C04F79EFBC}") = "Unity.2D.PixelPerfect", "Unity.2D.PixelPerfect.csproj", "{2D7A7B3A-BBF4-041B-9709-FE4C9CAF3915}"
EndProject
Project("{FAE04EC0-301F-11D3-BF4B-00C04F79EFBC}") = "Unity.InternalAPIEngineBridge.001", "Unity.InternalAPIEngineBridge.001.csproj", "{61C12289-9D07-E7B9-7D9B-51AE6BA9CB6C}"
EndProject
Project("{FAE04EC0-301F-11D3-BF4B-00C04F79EFBC}") = "Unity.2D.Common.Runtime", "Unity.2D.Common.Runtime.csproj", "{F0371603-88F2-80BE-CDFA-8AA7A2C36D20}"
EndProject
Project("{FAE04EC0-301F-11D3-BF4B-00C04F79EFBC}") = "UnityEditor.TestRunner", "UnityEditor.TestRunner.csproj", "{2FDD82C4-5F64-943A-F0E9-8D2963F254F1}"
EndProject
Project("{FAE04EC0-301F-11D3-BF4B-00C04F79EFBC}") = "Unity.TextMeshPro.Editor", "Unity.TextMeshPro.Editor.csproj", "{CC226CC0-A7B7-B112-E59D-CAD2449DBD56}"
EndProject
Project("{FAE04EC0-301F-11D3-BF4B-00C04F79EFBC}") = "Unity.Timeline.Editor", "Unity.Timeline.Editor.csproj", "{36674285-5A98-8CC5-71FC-266A230C6145}"
EndProject
Project("{FAE04EC0-301F-11D3-BF4B-00C04F79EFBC}") = "Unity.CollabProxy.Editor", "Unity.CollabProxy.Editor.csproj", "{3857A925-C419-1AD3-DB9D-150523148D0C}"
EndProject
Project("{FAE04EC0-301F-11D3-BF4B-00C04F79EFBC}") = "Unity.2D.Animation.Editor", "Unity.2D.Animation.Editor.csproj", "{B12D427B-F388-A697-3B5E-895D19B07584}"
EndProject
Project("{FAE04EC0-301F-11D3-BF4B-00C04F79EFBC}") = "Unity.2D.Path.Editor", "Unity.2D.Path.Editor.csproj", "{C1CC79C7-714C-A03F-D0A3-4FD39EA62625}"
EndProject
Project("{FAE04EC0-301F-11D3-BF4B-00C04F79EFBC}") = "Unity.2D.Sprite.Editor", "Unity.2D.Sprite.Editor.csproj", "{5F54042C-F9BC-9F81-5A00-F48D50346FA4}"
EndProject
Project("{FAE04EC0-301F-11D3-BF4B-00C04F79EFBC}") = "UnityEditor.UI", "UnityEditor.UI.csproj", "{1D3308FA-F661-5B9B-5937-72524B17E074}"
EndProject
Project("{FAE04EC0-301F-11D3-BF4B-00C04F79EFBC}") = "Unity.Rider.Editor", "Unity.Rider.Editor.csproj", "{F806865E-89A2-4F27-0D6C-842227A91492}"
EndProject
Project("{FAE04EC0-301F-11D3-BF4B-00C04F79EFBC}") = "Unity.2D.Tilemap.Editor", "Unity.2D.Tilemap.Editor.csproj", "{C66B8C90-E742-2C10-C97C-F25E5764777C}"
EndProject
Project("{FAE04EC0-301F-11D3-BF4B-00C04F79EFBC}") = "Unity.VisualStudio.Editor", "Unity.VisualStudio.Editor.csproj", "{F3F64F63-E442-4DC4-E804-54DE00BE1AD1}"
EndProject
Project("{FAE04EC0-301F-11D3-BF4B-00C04F79EFBC}") = "Unity.2D.SpriteShape.Editor", "Unity.2D.SpriteShape.Editor.csproj", "{2F0D7F6F-1AE2-CEA7-536A-10B7CD78BA5B}"
EndProject
Project("{FAE04EC0-301F-11D3-BF4B-00C04F79EFBC}") = "PsdPlugin", "PsdPlugin.csproj", "{63219091-FD75-ABAC-49D8-7EE1A9F5015B}"
EndProject
Project("{FAE04EC0-301F-11D3-BF4B-00C04F79EFBC}") = "Unity.2D.Common.Editor", "Unity.2D.Common.Editor.csproj", "{CF3A5354-880C-C882-22EE-E42058C0CCD3}"
EndProject
Project("{FAE04EC0-301F-11D3-BF4B-00C04F79EFBC}") = "Unity.VSCode.Editor", "Unity.VSCode.Editor.csproj", "{438EF794-DE0D-CB46-0FF0-CC8B278D2BE1}"
EndProject
Project("{FAE04EC0-301F-11D3-BF4B-00C04F79EFBC}") = "Unity.2D.Psdimporter.Editor", "Unity.2D.Psdimporter.Editor.csproj", "{D8302D5D-DFA5-9D87-3248-621BB6E1588C}"
EndProject
Project("{FAE04EC0-301F-11D3-BF4B-00C04F79EFBC}") = "Unity.2D.PixelPerfect.Editor", "Unity.2D.PixelPerfect.Editor.csproj", "{1A983AE3-D597-2E12-0CB6-09575338EBC8}"
EndProject
Project("{FAE04EC0-301F-11D3-BF4B-00C04F79EFBC}") = "Unity.Mathematics.Editor", "Unity.Mathematics.Editor.csproj", "{B6D76819-856A-0E7A-EDD2-B2DD7FC9E35B}"
EndProject
Project("{FAE04EC0-301F-11D3-BF4B-00C04F79EFBC}") = "Unity.InternalAPIEditorBridge.001", "Unity.InternalAPIEditorBridge.001.csproj", "{A9F2DAED-C5F8-BA29-077B-9DF509B12AB2}"
EndProject
Project("{FAE04EC0-301F-11D3-BF4B-00C04F79EFBC}") = "UnityEngine.TestRunner", "UnityEngine.TestRunner.Player.csproj", "{96BCFA36-6E0E-EB32-EF12-D24B9ACDCB1D}"
EndProject
Project("{FAE04EC0-301F-11D3-BF4B-00C04F79EFBC}") = "Unity.2D.Animation.Triangle.Runtime", "Unity.2D.Animation.Triangle.Runtime.Player.csproj", "{17828354-B2FC-A329-58AD-19727BCD1018}"
EndProject
Project("{FAE04EC0-301F-11D3-BF4B-00C04F79EFBC}") = "UnityEngine.UI", "UnityEngine.UI.Player.csproj", "{3AD42EF3-CD46-592A-AA50-B4E14C3377FB}"
EndProject
Project("{FAE04EC0-301F-11D3-BF4B-00C04F79EFBC}") = "Unity.TextMeshPro", "Unity.TextMeshPro.Player.csproj", "{EE1462E2-D213-B2C0-9619-D0ED795922D2}"
EndProject
Project("{FAE04EC0-301F-11D3-BF4B-00C04F79EFBC}") = "Unity.2D.Animation.Runtime", "Unity.2D.Animation.Runtime.Player.csproj", "{AEE33D26-35FE-9551-C94B-C607854A1FF1}"
EndProject
Project("{FAE04EC0-301F-11D3-BF4B-00C04F79EFBC}") = "Unity.Timeline", "Unity.Timeline.Player.csproj", "{D580BB09-6871-7A7C-DA01-4B6EAA828236}"
EndProject
Project("{FAE04EC0-301F-11D3-BF4B-00C04F79EFBC}") = "Unity.Mathematics", "Unity.Mathematics.Player.csproj", "{64B571E8-372C-F3AD-44CD-72F693C285B2}"
EndProject
Project("{FAE04EC0-301F-11D3-BF4B-00C04F79EFBC}") = "Unity.2D.SpriteShape.Runtime", "Unity.2D.SpriteShape.Runtime.Player.csproj", "{B7FA839A-80E6-7714-DD19-8214FD011E49}"
EndProject
Project("{FAE04EC0-301F-11D3-BF4B-00C04F79EFBC}") = "Assembly-CSharp", "Assembly-CSharp.Player.csproj", "{7AB83C07-C90A-959F-9E2C-4F26891E0800}"
EndProject
Project("{FAE04EC0-301F-11D3-BF4B-00C04F79EFBC}") = "Unity.2D.PixelPerfect", "Unity.2D.PixelPerfect.Player.csproj", "{7D1899F7-23A0-6DF9-2B2C-6A350041C2E0}"
EndProject
Project("{FAE04EC0-301F-11D3-BF4B-00C04F79EFBC}") = "Unity.InternalAPIEngineBridge.001", "Unity.InternalAPIEngineBridge.001.Player.csproj", "{7C422DC2-B32F-70E4-7A1E-4A6BF7589D0E}"
EndProject
Project("{FAE04EC0-301F-11D3-BF4B-00C04F79EFBC}") = "Unity.2D.Common.Runtime", "Unity.2D.Common.Runtime.Player.csproj", "{1860C082-39CD-5B22-C3F2-D1FFC695A070}"
EndProject
Global
	GlobalSection(SolutionConfigurationPlatforms) = preSolution
		Debug|Any CPU = Debug|Any CPU
		Release|Any CPU = Release|Any CPU
	EndGlobalSection
	GlobalSection(ProjectConfigurationPlatforms) = postSolution
		{AA201269-F26F-59E2-C9EB-464C55293BF0}.Debug|Any CPU.ActiveCfg = Debug|Any CPU
		{AA201269-F26F-59E2-C9EB-464C55293BF0}.Debug|Any CPU.Build.0 = Debug|Any CPU
		{AA201269-F26F-59E2-C9EB-464C55293BF0}.Release|Any CPU.ActiveCfg = Release|Any CPU
		{AA201269-F26F-59E2-C9EB-464C55293BF0}.Release|Any CPU.Build.0 = Release|Any CPU
		{E1A383DC-AF24-2665-4B64-A66B09F50D53}.Debug|Any CPU.ActiveCfg = Debug|Any CPU
		{E1A383DC-AF24-2665-4B64-A66B09F50D53}.Debug|Any CPU.Build.0 = Debug|Any CPU
		{E1A383DC-AF24-2665-4B64-A66B09F50D53}.Release|Any CPU.ActiveCfg = Release|Any CPU
		{E1A383DC-AF24-2665-4B64-A66B09F50D53}.Release|Any CPU.Build.0 = Release|Any CPU
		{21B2CC03-251E-69A2-CF1A-495EC61B8834}.Debug|Any CPU.ActiveCfg = Debug|Any CPU
		{21B2CC03-251E-69A2-CF1A-495EC61B8834}.Debug|Any CPU.Build.0 = Debug|Any CPU
		{21B2CC03-251E-69A2-CF1A-495EC61B8834}.Release|Any CPU.ActiveCfg = Release|Any CPU
		{21B2CC03-251E-69A2-CF1A-495EC61B8834}.Release|Any CPU.Build.0 = Release|Any CPU
		{EDF08178-A485-FEA4-6F8A-2CCCA13BFCD4}.Debug|Any CPU.ActiveCfg = Debug|Any CPU
		{EDF08178-A485-FEA4-6F8A-2CCCA13BFCD4}.Debug|Any CPU.Build.0 = Debug|Any CPU
		{EDF08178-A485-FEA4-6F8A-2CCCA13BFCD4}.Release|Any CPU.ActiveCfg = Release|Any CPU
		{EDF08178-A485-FEA4-6F8A-2CCCA13BFCD4}.Release|Any CPU.Build.0 = Release|Any CPU
		{66EC06DA-CA96-22D8-D728-9268382E2EF6}.Debug|Any CPU.ActiveCfg = Debug|Any CPU
		{66EC06DA-CA96-22D8-D728-9268382E2EF6}.Debug|Any CPU.Build.0 = Debug|Any CPU
		{66EC06DA-CA96-22D8-D728-9268382E2EF6}.Release|Any CPU.ActiveCfg = Release|Any CPU
		{66EC06DA-CA96-22D8-D728-9268382E2EF6}.Release|Any CPU.Build.0 = Release|Any CPU
		{04C4BA2B-AE90-198E-3C2A-663E3F89A2BA}.Debug|Any CPU.ActiveCfg = Debug|Any CPU
		{04C4BA2B-AE90-198E-3C2A-663E3F89A2BA}.Debug|Any CPU.Build.0 = Debug|Any CPU
		{04C4BA2B-AE90-198E-3C2A-663E3F89A2BA}.Release|Any CPU.ActiveCfg = Release|Any CPU
		{04C4BA2B-AE90-198E-3C2A-663E3F89A2BA}.Release|Any CPU.Build.0 = Release|Any CPU
		{18DBE43B-7CB8-6F47-EECE-E8681098D328}.Debug|Any CPU.ActiveCfg = Debug|Any CPU
		{18DBE43B-7CB8-6F47-EECE-E8681098D328}.Debug|Any CPU.Build.0 = Debug|Any CPU
		{18DBE43B-7CB8-6F47-EECE-E8681098D328}.Release|Any CPU.ActiveCfg = Release|Any CPU
		{18DBE43B-7CB8-6F47-EECE-E8681098D328}.Release|Any CPU.Build.0 = Release|Any CPU
		{068232C0-CFB2-FBF9-874F-B0CE0CBA2339}.Debug|Any CPU.ActiveCfg = Debug|Any CPU
		{068232C0-CFB2-FBF9-874F-B0CE0CBA2339}.Debug|Any CPU.Build.0 = Debug|Any CPU
		{068232C0-CFB2-FBF9-874F-B0CE0CBA2339}.Release|Any CPU.ActiveCfg = Release|Any CPU
		{068232C0-CFB2-FBF9-874F-B0CE0CBA2339}.Release|Any CPU.Build.0 = Release|Any CPU
		{D0D31436-C072-B04B-3C08-627F755C9430}.Debug|Any CPU.ActiveCfg = Debug|Any CPU
		{D0D31436-C072-B04B-3C08-627F755C9430}.Debug|Any CPU.Build.0 = Debug|Any CPU
		{D0D31436-C072-B04B-3C08-627F755C9430}.Release|Any CPU.ActiveCfg = Release|Any CPU
		{D0D31436-C072-B04B-3C08-627F755C9430}.Release|Any CPU.Build.0 = Release|Any CPU
		{2D7A7B3A-BBF4-041B-9709-FE4C9CAF3915}.Debug|Any CPU.ActiveCfg = Debug|Any CPU
		{2D7A7B3A-BBF4-041B-9709-FE4C9CAF3915}.Debug|Any CPU.Build.0 = Debug|Any CPU
		{2D7A7B3A-BBF4-041B-9709-FE4C9CAF3915}.Release|Any CPU.ActiveCfg = Release|Any CPU
		{2D7A7B3A-BBF4-041B-9709-FE4C9CAF3915}.Release|Any CPU.Build.0 = Release|Any CPU
		{61C12289-9D07-E7B9-7D9B-51AE6BA9CB6C}.Debug|Any CPU.ActiveCfg = Debug|Any CPU
		{61C12289-9D07-E7B9-7D9B-51AE6BA9CB6C}.Debug|Any CPU.Build.0 = Debug|Any CPU
		{61C12289-9D07-E7B9-7D9B-51AE6BA9CB6C}.Release|Any CPU.ActiveCfg = Release|Any CPU
		{61C12289-9D07-E7B9-7D9B-51AE6BA9CB6C}.Release|Any CPU.Build.0 = Release|Any CPU
		{F0371603-88F2-80BE-CDFA-8AA7A2C36D20}.Debug|Any CPU.ActiveCfg = Debug|Any CPU
		{F0371603-88F2-80BE-CDFA-8AA7A2C36D20}.Debug|Any CPU.Build.0 = Debug|Any CPU
		{F0371603-88F2-80BE-CDFA-8AA7A2C36D20}.Release|Any CPU.ActiveCfg = Release|Any CPU
		{F0371603-88F2-80BE-CDFA-8AA7A2C36D20}.Release|Any CPU.Build.0 = Release|Any CPU
		{2FDD82C4-5F64-943A-F0E9-8D2963F254F1}.Debug|Any CPU.ActiveCfg = Debug|Any CPU
		{2FDD82C4-5F64-943A-F0E9-8D2963F254F1}.Debug|Any CPU.Build.0 = Debug|Any CPU
		{2FDD82C4-5F64-943A-F0E9-8D2963F254F1}.Release|Any CPU.ActiveCfg = Release|Any CPU
		{2FDD82C4-5F64-943A-F0E9-8D2963F254F1}.Release|Any CPU.Build.0 = Release|Any CPU
		{CC226CC0-A7B7-B112-E59D-CAD2449DBD56}.Debug|Any CPU.ActiveCfg = Debug|Any CPU
		{CC226CC0-A7B7-B112-E59D-CAD2449DBD56}.Debug|Any CPU.Build.0 = Debug|Any CPU
		{CC226CC0-A7B7-B112-E59D-CAD2449DBD56}.Release|Any CPU.ActiveCfg = Release|Any CPU
		{CC226CC0-A7B7-B112-E59D-CAD2449DBD56}.Release|Any CPU.Build.0 = Release|Any CPU
		{36674285-5A98-8CC5-71FC-266A230C6145}.Debug|Any CPU.ActiveCfg = Debug|Any CPU
		{36674285-5A98-8CC5-71FC-266A230C6145}.Debug|Any CPU.Build.0 = Debug|Any CPU
		{36674285-5A98-8CC5-71FC-266A230C6145}.Release|Any CPU.ActiveCfg = Release|Any CPU
		{36674285-5A98-8CC5-71FC-266A230C6145}.Release|Any CPU.Build.0 = Release|Any CPU
		{3857A925-C419-1AD3-DB9D-150523148D0C}.Debug|Any CPU.ActiveCfg = Debug|Any CPU
		{3857A925-C419-1AD3-DB9D-150523148D0C}.Debug|Any CPU.Build.0 = Debug|Any CPU
		{3857A925-C419-1AD3-DB9D-150523148D0C}.Release|Any CPU.ActiveCfg = Release|Any CPU
		{3857A925-C419-1AD3-DB9D-150523148D0C}.Release|Any CPU.Build.0 = Release|Any CPU
		{B12D427B-F388-A697-3B5E-895D19B07584}.Debug|Any CPU.ActiveCfg = Debug|Any CPU
		{B12D427B-F388-A697-3B5E-895D19B07584}.Debug|Any CPU.Build.0 = Debug|Any CPU
		{B12D427B-F388-A697-3B5E-895D19B07584}.Release|Any CPU.ActiveCfg = Release|Any CPU
		{B12D427B-F388-A697-3B5E-895D19B07584}.Release|Any CPU.Build.0 = Release|Any CPU
		{C1CC79C7-714C-A03F-D0A3-4FD39EA62625}.Debug|Any CPU.ActiveCfg = Debug|Any CPU
		{C1CC79C7-714C-A03F-D0A3-4FD39EA62625}.Debug|Any CPU.Build.0 = Debug|Any CPU
		{C1CC79C7-714C-A03F-D0A3-4FD39EA62625}.Release|Any CPU.ActiveCfg = Release|Any CPU
		{C1CC79C7-714C-A03F-D0A3-4FD39EA62625}.Release|Any CPU.Build.0 = Release|Any CPU
		{5F54042C-F9BC-9F81-5A00-F48D50346FA4}.Debug|Any CPU.ActiveCfg = Debug|Any CPU
		{5F54042C-F9BC-9F81-5A00-F48D50346FA4}.Debug|Any CPU.Build.0 = Debug|Any CPU
		{5F54042C-F9BC-9F81-5A00-F48D50346FA4}.Release|Any CPU.ActiveCfg = Release|Any CPU
		{5F54042C-F9BC-9F81-5A00-F48D50346FA4}.Release|Any CPU.Build.0 = Release|Any CPU
		{1D3308FA-F661-5B9B-5937-72524B17E074}.Debug|Any CPU.ActiveCfg = Debug|Any CPU
		{1D3308FA-F661-5B9B-5937-72524B17E074}.Debug|Any CPU.Build.0 = Debug|Any CPU
		{1D3308FA-F661-5B9B-5937-72524B17E074}.Release|Any CPU.ActiveCfg = Release|Any CPU
		{1D3308FA-F661-5B9B-5937-72524B17E074}.Release|Any CPU.Build.0 = Release|Any CPU
		{F806865E-89A2-4F27-0D6C-842227A91492}.Debug|Any CPU.ActiveCfg = Debug|Any CPU
		{F806865E-89A2-4F27-0D6C-842227A91492}.Debug|Any CPU.Build.0 = Debug|Any CPU
		{F806865E-89A2-4F27-0D6C-842227A91492}.Release|Any CPU.ActiveCfg = Release|Any CPU
		{F806865E-89A2-4F27-0D6C-842227A91492}.Release|Any CPU.Build.0 = Release|Any CPU
		{C66B8C90-E742-2C10-C97C-F25E5764777C}.Debug|Any CPU.ActiveCfg = Debug|Any CPU
		{C66B8C90-E742-2C10-C97C-F25E5764777C}.Debug|Any CPU.Build.0 = Debug|Any CPU
		{C66B8C90-E742-2C10-C97C-F25E5764777C}.Release|Any CPU.ActiveCfg = Release|Any CPU
		{C66B8C90-E742-2C10-C97C-F25E5764777C}.Release|Any CPU.Build.0 = Release|Any CPU
		{F3F64F63-E442-4DC4-E804-54DE00BE1AD1}.Debug|Any CPU.ActiveCfg = Debug|Any CPU
		{F3F64F63-E442-4DC4-E804-54DE00BE1AD1}.Debug|Any CPU.Build.0 = Debug|Any CPU
		{F3F64F63-E442-4DC4-E804-54DE00BE1AD1}.Release|Any CPU.ActiveCfg = Release|Any CPU
		{F3F64F63-E442-4DC4-E804-54DE00BE1AD1}.Release|Any CPU.Build.0 = Release|Any CPU
		{2F0D7F6F-1AE2-CEA7-536A-10B7CD78BA5B}.Debug|Any CPU.ActiveCfg = Debug|Any CPU
		{2F0D7F6F-1AE2-CEA7-536A-10B7CD78BA5B}.Debug|Any CPU.Build.0 = Debug|Any CPU
		{2F0D7F6F-1AE2-CEA7-536A-10B7CD78BA5B}.Release|Any CPU.ActiveCfg = Release|Any CPU
		{2F0D7F6F-1AE2-CEA7-536A-10B7CD78BA5B}.Release|Any CPU.Build.0 = Release|Any CPU
		{63219091-FD75-ABAC-49D8-7EE1A9F5015B}.Debug|Any CPU.ActiveCfg = Debug|Any CPU
		{63219091-FD75-ABAC-49D8-7EE1A9F5015B}.Debug|Any CPU.Build.0 = Debug|Any CPU
		{63219091-FD75-ABAC-49D8-7EE1A9F5015B}.Release|Any CPU.ActiveCfg = Release|Any CPU
		{63219091-FD75-ABAC-49D8-7EE1A9F5015B}.Release|Any CPU.Build.0 = Release|Any CPU
		{CF3A5354-880C-C882-22EE-E42058C0CCD3}.Debug|Any CPU.ActiveCfg = Debug|Any CPU
		{CF3A5354-880C-C882-22EE-E42058C0CCD3}.Debug|Any CPU.Build.0 = Debug|Any CPU
		{CF3A5354-880C-C882-22EE-E42058C0CCD3}.Release|Any CPU.ActiveCfg = Release|Any CPU
		{CF3A5354-880C-C882-22EE-E42058C0CCD3}.Release|Any CPU.Build.0 = Release|Any CPU
		{438EF794-DE0D-CB46-0FF0-CC8B278D2BE1}.Debug|Any CPU.ActiveCfg = Debug|Any CPU
		{438EF794-DE0D-CB46-0FF0-CC8B278D2BE1}.Debug|Any CPU.Build.0 = Debug|Any CPU
		{438EF794-DE0D-CB46-0FF0-CC8B278D2BE1}.Release|Any CPU.ActiveCfg = Release|Any CPU
		{438EF794-DE0D-CB46-0FF0-CC8B278D2BE1}.Release|Any CPU.Build.0 = Release|Any CPU
		{D8302D5D-DFA5-9D87-3248-621BB6E1588C}.Debug|Any CPU.ActiveCfg = Debug|Any CPU
		{D8302D5D-DFA5-9D87-3248-621BB6E1588C}.Debug|Any CPU.Build.0 = Debug|Any CPU
		{D8302D5D-DFA5-9D87-3248-621BB6E1588C}.Release|Any CPU.ActiveCfg = Release|Any CPU
		{D8302D5D-DFA5-9D87-3248-621BB6E1588C}.Release|Any CPU.Build.0 = Release|Any CPU
		{1A983AE3-D597-2E12-0CB6-09575338EBC8}.Debug|Any CPU.ActiveCfg = Debug|Any CPU
		{1A983AE3-D597-2E12-0CB6-09575338EBC8}.Debug|Any CPU.Build.0 = Debug|Any CPU
		{1A983AE3-D597-2E12-0CB6-09575338EBC8}.Release|Any CPU.ActiveCfg = Release|Any CPU
		{1A983AE3-D597-2E12-0CB6-09575338EBC8}.Release|Any CPU.Build.0 = Release|Any CPU
		{B6D76819-856A-0E7A-EDD2-B2DD7FC9E35B}.Debug|Any CPU.ActiveCfg = Debug|Any CPU
		{B6D76819-856A-0E7A-EDD2-B2DD7FC9E35B}.Debug|Any CPU.Build.0 = Debug|Any CPU
		{B6D76819-856A-0E7A-EDD2-B2DD7FC9E35B}.Release|Any CPU.ActiveCfg = Release|Any CPU
		{B6D76819-856A-0E7A-EDD2-B2DD7FC9E35B}.Release|Any CPU.Build.0 = Release|Any CPU
		{A9F2DAED-C5F8-BA29-077B-9DF509B12AB2}.Debug|Any CPU.ActiveCfg = Debug|Any CPU
		{A9F2DAED-C5F8-BA29-077B-9DF509B12AB2}.Debug|Any CPU.Build.0 = Debug|Any CPU
		{A9F2DAED-C5F8-BA29-077B-9DF509B12AB2}.Release|Any CPU.ActiveCfg = Release|Any CPU
		{A9F2DAED-C5F8-BA29-077B-9DF509B12AB2}.Release|Any CPU.Build.0 = Release|Any CPU
		{96BCFA36-6E0E-EB32-EF12-D24B9ACDCB1D}.Debug|Any CPU.ActiveCfg = Debug|Any CPU
		{96BCFA36-6E0E-EB32-EF12-D24B9ACDCB1D}.Debug|Any CPU.Build.0 = Debug|Any CPU
		{96BCFA36-6E0E-EB32-EF12-D24B9ACDCB1D}.Release|Any CPU.ActiveCfg = Release|Any CPU
		{96BCFA36-6E0E-EB32-EF12-D24B9ACDCB1D}.Release|Any CPU.Build.0 = Release|Any CPU
		{17828354-B2FC-A329-58AD-19727BCD1018}.Debug|Any CPU.ActiveCfg = Debug|Any CPU
		{17828354-B2FC-A329-58AD-19727BCD1018}.Debug|Any CPU.Build.0 = Debug|Any CPU
		{17828354-B2FC-A329-58AD-19727BCD1018}.Release|Any CPU.ActiveCfg = Release|Any CPU
		{17828354-B2FC-A329-58AD-19727BCD1018}.Release|Any CPU.Build.0 = Release|Any CPU
		{3AD42EF3-CD46-592A-AA50-B4E14C3377FB}.Debug|Any CPU.ActiveCfg = Debug|Any CPU
		{3AD42EF3-CD46-592A-AA50-B4E14C3377FB}.Debug|Any CPU.Build.0 = Debug|Any CPU
		{3AD42EF3-CD46-592A-AA50-B4E14C3377FB}.Release|Any CPU.ActiveCfg = Release|Any CPU
		{3AD42EF3-CD46-592A-AA50-B4E14C3377FB}.Release|Any CPU.Build.0 = Release|Any CPU
		{EE1462E2-D213-B2C0-9619-D0ED795922D2}.Debug|Any CPU.ActiveCfg = Debug|Any CPU
		{EE1462E2-D213-B2C0-9619-D0ED795922D2}.Debug|Any CPU.Build.0 = Debug|Any CPU
		{EE1462E2-D213-B2C0-9619-D0ED795922D2}.Release|Any CPU.ActiveCfg = Release|Any CPU
		{EE1462E2-D213-B2C0-9619-D0ED795922D2}.Release|Any CPU.Build.0 = Release|Any CPU
		{AEE33D26-35FE-9551-C94B-C607854A1FF1}.Debug|Any CPU.ActiveCfg = Debug|Any CPU
		{AEE33D26-35FE-9551-C94B-C607854A1FF1}.Debug|Any CPU.Build.0 = Debug|Any CPU
		{AEE33D26-35FE-9551-C94B-C607854A1FF1}.Release|Any CPU.ActiveCfg = Release|Any CPU
		{AEE33D26-35FE-9551-C94B-C607854A1FF1}.Release|Any CPU.Build.0 = Release|Any CPU
		{D580BB09-6871-7A7C-DA01-4B6EAA828236}.Debug|Any CPU.ActiveCfg = Debug|Any CPU
		{D580BB09-6871-7A7C-DA01-4B6EAA828236}.Debug|Any CPU.Build.0 = Debug|Any CPU
		{D580BB09-6871-7A7C-DA01-4B6EAA828236}.Release|Any CPU.ActiveCfg = Release|Any CPU
		{D580BB09-6871-7A7C-DA01-4B6EAA828236}.Release|Any CPU.Build.0 = Release|Any CPU
		{64B571E8-372C-F3AD-44CD-72F693C285B2}.Debug|Any CPU.ActiveCfg = Debug|Any CPU
		{64B571E8-372C-F3AD-44CD-72F693C285B2}.Debug|Any CPU.Build.0 = Debug|Any CPU
		{64B571E8-372C-F3AD-44CD-72F693C285B2}.Release|Any CPU.ActiveCfg = Release|Any CPU
		{64B571E8-372C-F3AD-44CD-72F693C285B2}.Release|Any CPU.Build.0 = Release|Any CPU
		{B7FA839A-80E6-7714-DD19-8214FD011E49}.Debug|Any CPU.ActiveCfg = Debug|Any CPU
		{B7FA839A-80E6-7714-DD19-8214FD011E49}.Debug|Any CPU.Build.0 = Debug|Any CPU
		{B7FA839A-80E6-7714-DD19-8214FD011E49}.Release|Any CPU.ActiveCfg = Release|Any CPU
		{B7FA839A-80E6-7714-DD19-8214FD011E49}.Release|Any CPU.Build.0 = Release|Any CPU
		{7AB83C07-C90A-959F-9E2C-4F26891E0800}.Debug|Any CPU.ActiveCfg = Debug|Any CPU
		{7AB83C07-C90A-959F-9E2C-4F26891E0800}.Debug|Any CPU.Build.0 = Debug|Any CPU
		{7AB83C07-C90A-959F-9E2C-4F26891E0800}.Release|Any CPU.ActiveCfg = Release|Any CPU
		{7AB83C07-C90A-959F-9E2C-4F26891E0800}.Release|Any CPU.Build.0 = Release|Any CPU
		{7D1899F7-23A0-6DF9-2B2C-6A350041C2E0}.Debug|Any CPU.ActiveCfg = Debug|Any CPU
		{7D1899F7-23A0-6DF9-2B2C-6A350041C2E0}.Debug|Any CPU.Build.0 = Debug|Any CPU
		{7D1899F7-23A0-6DF9-2B2C-6A350041C2E0}.Release|Any CPU.ActiveCfg = Release|Any CPU
		{7D1899F7-23A0-6DF9-2B2C-6A350041C2E0}.Release|Any CPU.Build.0 = Release|Any CPU
		{7C422DC2-B32F-70E4-7A1E-4A6BF7589D0E}.Debug|Any CPU.ActiveCfg = Debug|Any CPU
		{7C422DC2-B32F-70E4-7A1E-4A6BF7589D0E}.Debug|Any CPU.Build.0 = Debug|Any CPU
		{7C422DC2-B32F-70E4-7A1E-4A6BF7589D0E}.Release|Any CPU.ActiveCfg = Release|Any CPU
		{7C422DC2-B32F-70E4-7A1E-4A6BF7589D0E}.Release|Any CPU.Build.0 = Release|Any CPU
		{1860C082-39CD-5B22-C3F2-D1FFC695A070}.Debug|Any CPU.ActiveCfg = Debug|Any CPU
		{1860C082-39CD-5B22-C3F2-D1FFC695A070}.Debug|Any CPU.Build.0 = Debug|Any CPU
		{1860C082-39CD-5B22-C3F2-D1FFC695A070}.Release|Any CPU.ActiveCfg = Release|Any CPU
		{1860C082-39CD-5B22-C3F2-D1FFC695A070}.Release|Any CPU.Build.0 = Release|Any CPU
	EndGlobalSection
	GlobalSection(SolutionProperties) = preSolution
		HideSolutionNode = FALSE
	EndGlobalSection
EndGlobal
